// !$*UTF8*$!
{
	archiveVersion = 1;
	classes = {
	};
	objectVersion = 50;
	objects = {

/* Begin PBXBuildFile section */
		BD4C0A7F25947E0D00E8A8A8 /* AppDelegate.swift in Sources */ = {isa = PBXBuildFile; fileRef = BD4C0A7E25947E0D00E8A8A8 /* AppDelegate.swift */; };
		BD4C0A8125947E0D00E8A8A8 /* SceneDelegate.swift in Sources */ = {isa = PBXBuildFile; fileRef = BD4C0A8025947E0D00E8A8A8 /* SceneDelegate.swift */; };
		BD4C0A8325947E0D00E8A8A8 /* ViewController.swift in Sources */ = {isa = PBXBuildFile; fileRef = BD4C0A8225947E0D00E8A8A8 /* ViewController.swift */; };
		BD4C0A8625947E0D00E8A8A8 /* Main.storyboard in Resources */ = {isa = PBXBuildFile; fileRef = BD4C0A8425947E0D00E8A8A8 /* Main.storyboard */; };
		BD4C0A8825947E0F00E8A8A8 /* Assets.xcassets in Resources */ = {isa = PBXBuildFile; fileRef = BD4C0A8725947E0F00E8A8A8 /* Assets.xcassets */; };
		BD4C0A8B25947E0F00E8A8A8 /* LaunchScreen.storyboard in Resources */ = {isa = PBXBuildFile; fileRef = BD4C0A8925947E0F00E8A8A8 /* LaunchScreen.storyboard */; };
		BD4C0A9725947FEA00E8A8A8 /* google.png in Resources */ = {isa = PBXBuildFile; fileRef = BD4C0A9325947FE900E8A8A8 /* google.png */; };
		BD4C0A9925947FEA00E8A8A8 /* tiktok.png in Resources */ = {isa = PBXBuildFile; fileRef = BD4C0A9525947FEA00E8A8A8 /* tiktok.png */; };
		BD4C0A9A25947FEA00E8A8A8 /* facebook.png in Resources */ = {isa = PBXBuildFile; fileRef = BD4C0A9625947FEA00E8A8A8 /* facebook.png */; };
		BD4C0A9F2594E93E00E8A8A8 /* snapChat.png in Resources */ = {isa = PBXBuildFile; fileRef = BD4C0A9E2594E93E00E8A8A8 /* snapChat.png */; };
/* End PBXBuildFile section */

/* Begin PBXFileReference section */
		BD4C0A7B25947E0D00E8A8A8 /* MultipleAppIcons.app */ = {isa = PBXFileReference; explicitFileType = wrapper.application; includeInIndex = 0; path = MultipleAppIcons.app; sourceTree = BUILT_PRODUCTS_DIR; };
		BD4C0A7E25947E0D00E8A8A8 /* AppDelegate.swift */ = {isa = PBXFileReference; lastKnownFileType = sourcecode.swift; path = AppDelegate.swift; sourceTree = "<group>"; };
		BD4C0A8025947E0D00E8A8A8 /* SceneDelegate.swift */ = {isa = PBXFileReference; lastKnownFileType = sourcecode.swift; path = SceneDelegate.swift; sourceTree = "<group>"; };
		BD4C0A8225947E0D00E8A8A8 /* ViewController.swift */ = {isa = PBXFileReference; lastKnownFileType = sourcecode.swift; path = ViewController.swift; sourceTree = "<group>"; };
		BD4C0A8525947E0D00E8A8A8 /* Base */ = {isa = PBXFileReference; lastKnownFileType = file.storyboard; name = Base; path = Base.lproj/Main.storyboard; sourceTree = "<group>"; };
		BD4C0A8725947E0F00E8A8A8 /* Assets.xcassets */ = {isa = PBXFileReference; lastKnownFileType = folder.assetcatalog; path = Assets.xcassets; sourceTree = "<group>"; };
		BD4C0A8A25947E0F00E8A8A8 /* Base */ = {isa = PBXFileReference; lastKnownFileType = file.storyboard; name = Base; path = Base.lproj/LaunchScreen.storyboard; sourceTree = "<group>"; };
		BD4C0A8C25947E0F00E8A8A8 /* Info.plist */ = {isa = PBXFileReference; lastKnownFileType = text.plist.xml; path = Info.plist; sourceTree = "<group>"; };
		BD4C0A9325947FE900E8A8A8 /* google.png */ = {isa = PBXFileReference; lastKnownFileType = image.png; path = google.png; sourceTree = "<group>"; };
		BD4C0A9525947FEA00E8A8A8 /* tiktok.png */ = {isa = PBXFileReference; lastKnownFileType = image.png; path = tiktok.png; sourceTree = "<group>"; };
		BD4C0A9625947FEA00E8A8A8 /* facebook.png */ = {isa = PBXFileReference; lastKnownFileType = image.png; path = facebook.png; sourceTree = "<group>"; };
		BD4C0A9E2594E93E00E8A8A8 /* snapChat.png */ = {isa = PBXFileReference; lastKnownFileType = image.png; path = snapChat.png; sourceTree = "<group>"; };
/* End PBXFileReference section */

/* Begin PBXFrameworksBuildPhase section */
		BD4C0A7825947E0D00E8A8A8 /* Frameworks */ = {
			isa = PBXFrameworksBuildPhase;
			buildActionMask = 2147483647;
			files = (
			);
			runOnlyForDeploymentPostprocessing = 0;
		};
/* End PBXFrameworksBuildPhase section */

/* Begin PBXGroup section */
		BD4C0A7225947E0D00E8A8A8 = {
			isa = PBXGroup;
			children = (
				BD4C0A7D25947E0D00E8A8A8 /* MultipleAppIcons */,
				BD4C0A7C25947E0D00E8A8A8 /* Products */,
			);
			sourceTree = "<group>";
		};
		BD4C0A7C25947E0D00E8A8A8 /* Products */ = {
			isa = PBXGroup;
			children = (
				BD4C0A7B25947E0D00E8A8A8 /* MultipleAppIcons.app */,
			);
			name = Products;
			sourceTree = "<group>";
		};
		BD4C0A7D25947E0D00E8A8A8 /* MultipleAppIcons */ = {
			isa = PBXGroup;
			children = (
				BD4C0A7E25947E0D00E8A8A8 /* AppDelegate.swift */,
				BD4C0A8025947E0D00E8A8A8 /* SceneDelegate.swift */,
				BD4C0A9625947FEA00E8A8A8 /* facebook.png */,
				BD4C0A9E2594E93E00E8A8A8 /* snapChat.png */,
				BD4C0A9325947FE900E8A8A8 /* google.png */,
				BD4C0A9525947FEA00E8A8A8 /* tiktok.png */,
				BD4C0A8225947E0D00E8A8A8 /* ViewController.swift */,
				BD4C0A8425947E0D00E8A8A8 /* Main.storyboard */,
				BD4C0A8725947E0F00E8A8A8 /* Assets.xcassets */,
				BD4C0A8925947E0F00E8A8A8 /* LaunchScreen.storyboard */,
				BD4C0A8C25947E0F00E8A8A8 /* Info.plist */,
			);
			path = MultipleAppIcons;
			sourceTree = "<group>";
		};
/* End PBXGroup section */

/* Begin PBXNativeTarget section */
		BD4C0A7A25947E0D00E8A8A8 /* MultipleAppIcons */ = {
			isa = PBXNativeTarget;
			buildConfigurationList = BD4C0A8F25947E0F00E8A8A8 /* Build configuration list for PBXNativeTarget "MultipleAppIcons" */;
			buildPhases = (
				BD4C0A7725947E0D00E8A8A8 /* Sources */,
				BD4C0A7825947E0D00E8A8A8 /* Frameworks */,
				BD4C0A7925947E0D00E8A8A8 /* Resources */,
			);
			buildRules = (
			);
			dependencies = (
			);
			name = MultipleAppIcons;
			productName = MultipleAppIcons;
			productReference = BD4C0A7B25947E0D00E8A8A8 /* MultipleAppIcons.app */;
			productType = "com.apple.product-type.application";
		};
/* End PBXNativeTarget section */

/* Begin PBXProject section */
		BD4C0A7325947E0D00E8A8A8 /* Project object */ = {
			isa = PBXProject;
			attributes = {
				LastSwiftUpdateCheck = 1230;
				LastUpgradeCheck = 1230;
				TargetAttributes = {
					BD4C0A7A25947E0D00E8A8A8 = {
						CreatedOnToolsVersion = 12.3;
					};
				};
			};
			buildConfigurationList = BD4C0A7625947E0D00E8A8A8 /* Build configuration list for PBXProject "MultipleAppIcons" */;
			compatibilityVersion = "Xcode 9.3";
			developmentRegion = en;
			hasScannedForEncodings = 0;
			knownRegions = (
				en,
				Base,
			);
			mainGroup = BD4C0A7225947E0D00E8A8A8;
			productRefGroup = BD4C0A7C25947E0D00E8A8A8 /* Products */;
			projectDirPath = "";
			projectRoot = "";
			targets = (
				BD4C0A7A25947E0D00E8A8A8 /* MultipleAppIcons */,
			);
		};
/* End PBXProject section */

/* Begin PBXResourcesBuildPhase section */
		BD4C0A7925947E0D00E8A8A8 /* Resources */ = {
			isa = PBXResourcesBuildPhase;
			buildActionMask = 2147483647;
			files = (
				BD4C0A9F2594E93E00E8A8A8 /* snapChat.png in Resources */,
				BD4C0A8B25947E0F00E8A8A8 /* LaunchScreen.storyboard in Resources */,
				BD4C0A9925947FEA00E8A8A8 /* tiktok.png in Resources */,
				BD4C0A9A25947FEA00E8A8A8 /* facebook.png in Resources */,
				BD4C0A8825947E0F00E8A8A8 /* Assets.xcassets in Resources */,
				BD4C0A9725947FEA00E8A8A8 /* google.png in Resources */,
				BD4C0A8625947E0D00E8A8A8 /* Main.storyboard in Resources */,
			);
			runOnlyForDeploymentPostprocessing = 0;
		};
/* End PBXResourcesBuildPhase section */

/* Begin PBXSourcesBuildPhase section */
		BD4C0A7725947E0D00E8A8A8 /* Sources */ = {
			isa = PBXSourcesBuildPhase;
			buildActionMask = 2147483647;
			files = (
				BD4C0A8325947E0D00E8A8A8 /* ViewController.swift in Sources */,
				BD4C0A7F25947E0D00E8A8A8 /* AppDelegate.swift in Sources */,
				BD4C0A8125947E0D00E8A8A8 /* SceneDelegate.swift in Sources */,
			);
			runOnlyForDeploymentPostprocessing = 0;
		};
/* End PBXSourcesBuildPhase section */

/* Begin PBXVariantGroup section */
		BD4C0A8425947E0D00E8A8A8 /* Main.storyboard */ = {
			isa = PBXVariantGroup;
			children = (
				BD4C0A8525947E0D00E8A8A8 /* Base */,
			);
			name = Main.storyboard;
			sourceTree = "<group>";
		};
		BD4C0A8925947E0F00E8A8A8 /* LaunchScreen.storyboard */ = {
			isa = PBXVariantGroup;
			children = (
				BD4C0A8A25947E0F00E8A8A8 /* Base */,
			);
			name = LaunchScreen.storyboard;
			sourceTree = "<group>";
		};
/* End PBXVariantGroup section */

/* Begin XCBuildConfiguration section */
		BD4C0A8D25947E0F00E8A8A8 /* Debug */ = {
			isa = XCBuildConfiguration;
			buildSettings = {
				ALWAYS_SEARCH_USER_PATHS = NO;
				CLANG_ANALYZER_NONNULL = YES;
				CLANG_ANALYZER_NUMBER_OBJECT_CONVERSION = YES_AGGRESSIVE;
				CLANG_CXX_LANGUAGE_STANDARD = "gnu++14";
				CLANG_CXX_LIBRARY = "libc++";
				CLANG_ENABLE_MODULES = YES;
				CLANG_ENABLE_OBJC_ARC = YES;
				CLANG_ENABLE_OBJC_WEAK = YES;
				CLANG_WARN_BLOCK_CAPTURE_AUTORELEASING = YES;
				CLANG_WARN_BOOL_CONVERSION = YES;
				CLANG_WARN_COMMA = YES;
				CLANG_WARN_CONSTANT_CONVERSION = YES;
				CLANG_WARN_DEPRECATED_OBJC_IMPLEMENTATIONS = YES;
				CLANG_WARN_DIRECT_OBJC_ISA_USAGE = YES_ERROR;
				CLANG_WARN_DOCUMENTATION_COMMENTS = YES;
				CLANG_WARN_EMPTY_BODY = YES;
				CLANG_WARN_ENUM_CONVERSION = YES;
				CLANG_WARN_INFINITE_RECURSION = YES;
				CLANG_WARN_INT_CONVERSION = YES;
				CLANG_WARN_NON_LITERAL_NULL_CONVERSION = YES;
				CLANG_WARN_OBJC_IMPLICIT_RETAIN_SELF = YES;
				CLANG_WARN_OBJC_LITERAL_CONVERSION = YES;
				CLANG_WARN_OBJC_ROOT_CLASS = YES_ERROR;
				CLANG_WARN_QUOTED_INCLUDE_IN_FRAMEWORK_HEADER = YES;
				CLANG_WARN_RANGE_LOOP_ANALYSIS = YES;
				CLANG_WARN_STRICT_PROTOTYPES = YES;
				CLANG_WARN_SUSPICIOUS_MOVE = YES;
				CLANG_WARN_UNGUARDED_AVAILABILITY = YES_AGGRESSIVE;
				CLANG_WARN_UNREACHABLE_CODE = YES;
				CLANG_WARN__DUPLICATE_METHOD_MATCH = YES;
				COPY_PHASE_STRIP = NO;
				DEBUG_INFORMATION_FORMAT = dwarf;
				ENABLE_STRICT_OBJC_MSGSEND = YES;
				ENABLE_TESTABILITY = YES;
				GCC_C_LANGUAGE_STANDARD = gnu11;
				GCC_DYNAMIC_NO_PIC = NO;
				GCC_NO_COMMON_BLOCKS = YES;
				GCC_OPTIMIZATION_LEVEL = 0;
				GCC_PREPROCESSOR_DEFINITIONS = (
					"DEBUG=1",
					"$(inherited)",
				);
				GCC_WARN_64_TO_32_BIT_CONVERSION = YES;
				GCC_WARN_ABOUT_RETURN_TYPE = YES_ERROR;
				GCC_WARN_UNDECLARED_SELECTOR = YES;
				GCC_WARN_UNINITIALIZED_AUTOS = YES_AGGRESSIVE;
				GCC_WARN_UNUSED_FUNCTION = YES;
				GCC_WARN_UNUSED_VARIABLE = YES;
				IPHONEOS_DEPLOYMENT_TARGET = 14.3;
				MTL_ENABLE_DEBUG_INFO = INCLUDE_SOURCE;
				MTL_FAST_MATH = YES;
				ONLY_ACTIVE_ARCH = YES;
				SDKROOT = iphoneos;
				SWIFT_ACTIVE_COMPILATION_CONDITIONS = DEBUG;
				SWIFT_OPTIMIZATION_LEVEL = "-Onone";
			};
			name = Debug;
		};
		BD4C0A8E25947E0F00E8A8A8 /* Release */ = {
			isa = XCBuildConfiguration;
			buildSettings = {
				ALWAYS_SEARCH_USER_PATHS = NO;
				CLANG_ANALYZER_NONNULL = YES;
				CLANG_ANALYZER_NUMBER_OBJECT_CONVERSION = YES_AGGRESSIVE;
				CLANG_CXX_LANGUAGE_STANDARD = "gnu++14";
				CLANG_CXX_LIBRARY = "libc++";
				CLANG_ENABLE_MODULES = YES;
				CLANG_ENABLE_OBJC_ARC = YES;
				CLANG_ENABLE_OBJC_WEAK = YES;
				CLANG_WARN_BLOCK_CAPTURE_AUTORELEASING = YES;
				CLANG_WARN_BOOL_CONVERSION = YES;
				CLANG_WARN_COMMA = YES;
				CLANG_WARN_CONSTANT_CONVERSION = YES;
				CLANG_WARN_DEPRECATED_OBJC_IMPLEMENTATIONS = YES;
				CLANG_WARN_DIRECT_OBJC_ISA_USAGE = YES_ERROR;
				CLANG_WARN_DOCUMENTATION_COMMENTS = YES;
				CLANG_WARN_EMPTY_BODY = YES;
				CLANG_WARN_ENUM_CONVERSION = YES;
				CLANG_WARN_INFINITE_RECURSION = YES;
				CLANG_WARN_INT_CONVERSION = YES;
				CLANG_WARN_NON_LITERAL_NULL_CONVERSION = YES;
				CLANG_WARN_OBJC_IMPLICIT_RETAIN_SELF = YES;
				CLANG_WARN_OBJC_LITERAL_CONVERSION = YES;
				CLANG_WARN_OBJC_ROOT_CLASS = YES_ERROR;
				CLANG_WARN_QUOTED_INCLUDE_IN_FRAMEWORK_HEADER = YES;
				CLANG_WARN_RANGE_LOOP_ANALYSIS = YES;
				CLANG_WARN_STRICT_PROTOTYPES = YES;
				CLANG_WARN_SUSPICIOUS_MOVE = YES;
				CLANG_WARN_UNGUARDED_AVAILABILITY = YES_AGGRESSIVE;
				CLANG_WARN_UNREACHABLE_CODE = YES;
				CLANG_WARN__DUPLICATE_METHOD_MATCH = YES;
				COPY_PHASE_STRIP = NO;
				DEBUG_INFORMATION_FORMAT = "dwarf-with-dsym";
				ENABLE_NS_ASSERTIONS = NO;
				ENABLE_STRICT_OBJC_MSGSEND = YES;
				GCC_C_LANGUAGE_STANDARD = gnu11;
				GCC_NO_COMMON_BLOCKS = YES;
				GCC_WARN_64_TO_32_BIT_CONVERSION = YES;
				GCC_WARN_ABOUT_RETURN_TYPE = YES_ERROR;
				GCC_WARN_UNDECLARED_SELECTOR = YES;
				GCC_WARN_UNINITIALIZED_AUTOS = YES_AGGRESSIVE;
				GCC_WARN_UNUSED_FUNCTION = YES;
				GCC_WARN_UNUSED_VARIABLE = YES;
				IPHONEOS_DEPLOYMENT_TARGET = 14.3;
				MTL_ENABLE_DEBUG_INFO = NO;
				MTL_FAST_MATH = YES;
				SDKROOT = iphoneos;
				SWIFT_COMPILATION_MODE = wholemodule;
				SWIFT_OPTIMIZATION_LEVEL = "-O";
				VALIDATE_PRODUCT = YES;
			};
			name = Release;
		};
		BD4C0A9025947E0F00E8A8A8 /* Debug */ = {
			isa = XCBuildConfiguration;
			buildSettings = {
				ASSETCATALOG_COMPILER_APPICON_NAME = AppIcon;
				ASSETCATALOG_COMPILER_GLOBAL_ACCENT_COLOR_NAME = AccentColor;
				CODE_SIGN_STYLE = Automatic;
				DEVELOPMENT_TEAM = 2536WFXFRU;
				INFOPLIST_FILE = MultipleAppIcons/Info.plist;
				LD_RUNPATH_SEARCH_PATHS = (
					"$(inherited)",
					"@executable_path/Frameworks",
				);
				PRODUCT_BUNDLE_IDENTIFIER = com.abdihakinelmi.MultipleAppIcons;
				PRODUCT_NAME = "$(TARGET_NAME)";
				SWIFT_VERSION = 5.0;
				TARGETED_DEVICE_FAMILY = 1;
			};
			name = Debug;
		};
		BD4C0A9125947E0F00E8A8A8 /* Release */ = {
			isa = XCBuildConfiguration;
			buildSettings = {
				ASSETCATALOG_COMPILER_APPICON_NAME = AppIcon;
				ASSETCATALOG_COMPILER_GLOBAL_ACCENT_COLOR_NAME = AccentColor;
				CODE_SIGN_STYLE = Automatic;
				DEVELOPMENT_TEAM = 2536WFXFRU;
				INFOPLIST_FILE = MultipleAppIcons/Info.plist;
				LD_RUNPATH_SEARCH_PATHS = (
					"$(inherited)",
					"@executable_path/Frameworks",
				);
				PRODUCT_BUNDLE_IDENTIFIER = com.abdihakinelmi.MultipleAppIcons;
				PRODUCT_NAME = "$(TARGET_NAME)";
				SWIFT_VERSION = 5.0;
				TARGETED_DEVICE_FAMILY = 1;
			};
			name = Release;
		};
/* End XCBuildConfiguration section */

/* Begin XCConfigurationList section */
		BD4C0A7625947E0D00E8A8A8 /* Build configuration list for PBXProject "MultipleAppIcons" */ = {
			isa = XCConfigurationList;
			buildConfigurations = (
				BD4C0A8D25947E0F00E8A8A8 /* Debug */,
				BD4C0A8E25947E0F00E8A8A8 /* Release */,
			);
			defaultConfigurationIsVisible = 0;
			defaultConfigurationName = Release;
		};
		BD4C0A8F25947E0F00E8A8A8 /* Build configuration list for PBXNativeTarget "MultipleAppIcons" */ = {
			isa = XCConfigurationList;
			buildConfigurations = (
				BD4C0A9025947E0F00E8A8A8 /* Debug */,
				BD4C0A9125947E0F00E8A8A8 /* Release */,
			);
			defaultConfigurationIsVisible = 0;
			defaultConfigurationName = Release;
		};
/* End XCConfigurationList section */
	};
	rootObject = BD4C0A7325947E0D00E8A8A8 /* Project object */;
}
